PODS:
  - SDWebImage (3.8.2):
    - SDWebImage/Core (= 3.8.2)
  - SDWebImage/Core (3.8.2)
  - SWXMLHash (3.0.3)

DEPENDENCIES:
  - SDWebImage (~> 3.8)
  - SWXMLHash (~> 3.0)

SPEC CHECKSUMS:
  SDWebImage: 098e97e6176540799c27e804c96653ee0833d13c
  SWXMLHash: 80d2529d74891bb2f15305a0b9e08f2a4f229ee7

PODFILE CHECKSUM: fecbbdae1ad2f066e3e59027256117d28d79ad9b

COCOAPODS: 1.1.1
